
Microsoft Visual Studio Solution File, Format Version 12.00
# Visual Studio 2012
Project("{FAE04EC0-301F-11D3-BF4B-00C04F79EFBC}") = "Primtalsundersökning", "Primtalsundersökning\Primtalsundersökning.csproj", "{908E6C33-CF50-4C06-A6CC-12AF19D26169}"
EndProject
Global
	GlobalSection(SolutionConfigurationPlatforms) = preSolution
		Debug|x86 = Debug|x86
		Release|x86 = Release|x86
	EndGlobalSection
	GlobalSection(ProjectConfigurationPlatforms) = postSolution
		{908E6C33-CF50-4C06-A6CC-12AF19D26169}.Debug|x86.ActiveCfg = Debug|x86
		{908E6C33-CF50-4C06-A6CC-12AF19D26169}.Debug|x86.Build.0 = Debug|x86
		{908E6C33-CF50-4C06-A6CC-12AF19D26169}.Release|x86.ActiveCfg = Release|x86
		{908E6C33-CF50-4C06-A6CC-12AF19D26169}.Release|x86.Build.0 = Release|x86
	EndGlobalSection
EndGlobal
